
Microsoft Visual Studio Solution File, Format Version 12.00
# Visual Studio 15
VisualStudioVersion = 15.0.28010.2036
MinimumVisualStudioVersion = 10.0.40219.1
Project("{FAE04EC0-301F-11D3-BF4B-00C04F79EFBC}") = "DataTemplateSelectorSample", "DataTemplateSelectorSample\DataTemplateSelectorSample.csproj", "{A8EA467D-BDC3-4C0A-869D-FF17D48F4CEF}"
EndProject
Global
	GlobalSection(SolutionConfigurationPlatforms) = preSolution
		Debug|ARM = Debug|ARM
		Debug|x64 = Debug|x64
		Debug|x86 = Debug|x86
		Release|ARM = Release|ARM
		Release|x64 = Release|x64
		Release|x86 = Release|x86
	EndGlobalSection
	GlobalSection(ProjectConfigurationPlatforms) = postSolution
		{A8EA467D-BDC3-4C0A-869D-FF17D48F4CEF}.Debug|ARM.ActiveCfg = Debug|ARM
		{A8EA467D-BDC3-4C0A-869D-FF17D48F4CEF}.Debug|ARM.Build.0 = Debug|ARM
		{A8EA467D-BDC3-4C0A-869D-FF17D48F4CEF}.Debug|ARM.Deploy.0 = Debug|ARM
		{A8EA467D-BDC3-4C0A-869D-FF17D48F4CEF}.Debug|x64.ActiveCfg = Debug|x64
		{A8EA467D-BDC3-4C0A-869D-FF17D48F4CEF}.Debug|x64.Build.0 = Debug|x64
		{A8EA467D-BDC3-4C0A-869D-FF17D48F4CEF}.Debug|x64.Deploy.0 = Debug|x64
		{A8EA467D-BDC3-4C0A-869D-FF17D48F4CEF}.Debug|x86.ActiveCfg = Debug|x86
		{A8EA467D-BDC3-4C0A-869D-FF17D48F4CEF}.Debug|x86.Build.0 = Debug|x86
		{A8EA467D-BDC3-4C0A-869D-FF17D48F4CEF}.Debug|x86.Deploy.0 = Debug|x86
		{A8EA467D-BDC3-4C0A-869D-FF17D48F4CEF}.Release|ARM.ActiveCfg = Release|ARM
		{A8EA467D-BDC3-4C0A-869D-FF17D48F4CEF}.Release|ARM.Build.0 = Release|ARM
		{A8EA467D-BDC3-4C0A-869D-FF17D48F4CEF}.Release|ARM.Deploy.0 = Release|ARM
		{A8EA467D-BDC3-4C0A-869D-FF17D48F4CEF}.Release|x64.ActiveCfg = Release|x64
		{A8EA467D-BDC3-4C0A-869D-FF17D48F4CEF}.Release|x64.Build.0 = Release|x64
		{A8EA467D-BDC3-4C0A-869D-FF17D48F4CEF}.Release|x64.Deploy.0 = Release|x64
		{A8EA467D-BDC3-4C0A-869D-FF17D48F4CEF}.Release|x86.ActiveCfg = Release|x86
		{A8EA467D-BDC3-4C0A-869D-FF17D48F4CEF}.Release|x86.Build.0 = Release|x86
		{A8EA467D-BDC3-4C0A-869D-FF17D48F4CEF}.Release|x86.Deploy.0 = Release|x86
	EndGlobalSection
	GlobalSection(SolutionProperties) = preSolution
		HideSolutionNode = FALSE
	EndGlobalSection
	GlobalSection(ExtensibilityGlobals) = postSolution
		SolutionGuid = {55558FC8-A025-4215-BA9F-70E072BB4708}
	EndGlobalSection
EndGlobal
